github.com/gorilla/mux v1.7.1 h1:Dw4jY2nghMMRsh1ol8dv1axHkDwMQK2DHerMNJsIpJU=
github.com/gorilla/mux v1.7.1/go.mod h1:1lud6UwP+6orDFRuTfBEV8e9/aOM/c4fVVCaMa2zaAs=
github.com/maxsuelmarinho/golang-microservices-example v0.0.0-20190408044458-ce4b99e66a90 h1:AU24RaTUF3xFGADovHbx+E8MMZn5sXwLUbPNpoVfOX0=
